// !$*UTF8*$!
{
	archiveVersion = 1;
	classes = {
	};
	objectVersion = 46;
	objects = {

/* Begin PBXBuildFile section */
		3570DF451E0C76BC00707C03 /* AppDelegate.swift in Sources */ = {isa = PBXBuildFile; fileRef = 3570DF441E0C76BC00707C03 /* AppDelegate.swift */; };
		3570DF471E0C76BC00707C03 /* ViewController.swift in Sources */ = {isa = PBXBuildFile; fileRef = 3570DF461E0C76BC00707C03 /* ViewController.swift */; };
		3570DF4A1E0C76BC00707C03 /* Main.storyboard in Resources */ = {isa = PBXBuildFile; fileRef = 3570DF481E0C76BC00707C03 /* Main.storyboard */; };
		3570DF4D1E0C76BC00707C03 /* Pokedex.xcdatamodeld in Sources */ = {isa = PBXBuildFile; fileRef = 3570DF4B1E0C76BC00707C03 /* Pokedex.xcdatamodeld */; };
		3570DF4F1E0C76BC00707C03 /* Assets.xcassets in Resources */ = {isa = PBXBuildFile; fileRef = 3570DF4E1E0C76BC00707C03 /* Assets.xcassets */; };
		3570DF521E0C76BC00707C03 /* LaunchScreen.storyboard in Resources */ = {isa = PBXBuildFile; fileRef = 3570DF501E0C76BC00707C03 /* LaunchScreen.storyboard */; };
		3570DF5A1E0C7DEF00707C03 /* pokemon.csv in Resources */ = {isa = PBXBuildFile; fileRef = 3570DF591E0C7DEF00707C03 /* pokemon.csv */; };
/* End PBXBuildFile section */

/* Begin PBXFileReference section */
		3570DF411E0C76BC00707C03 /* Pokedex.app */ = {isa = PBXFileReference; explicitFileType = wrapper.application; includeInIndex = 0; path = Pokedex.app; sourceTree = BUILT_PRODUCTS_DIR; };
		3570DF441E0C76BC00707C03 /* AppDelegate.swift */ = {isa = PBXFileReference; lastKnownFileType = sourcecode.swift; path = AppDelegate.swift; sourceTree = "<group>"; };
		3570DF461E0C76BC00707C03 /* ViewController.swift */ = {isa = PBXFileReference; lastKnownFileType = sourcecode.swift; path = ViewController.swift; sourceTree = "<group>"; };
		3570DF491E0C76BC00707C03 /* Base */ = {isa = PBXFileReference; lastKnownFileType = file.storyboard; name = Base; path = Base.lproj/Main.storyboard; sourceTree = "<group>"; };
		3570DF4C1E0C76BC00707C03 /* Pokedex.xcdatamodel */ = {isa = PBXFileReference; lastKnownFileType = wrapper.xcdatamodel; path = Pokedex.xcdatamodel; sourceTree = "<group>"; };
		3570DF4E1E0C76BC00707C03 /* Assets.xcassets */ = {isa = PBXFileReference; lastKnownFileType = folder.assetcatalog; path = Assets.xcassets; sourceTree = "<group>"; };
		3570DF511E0C76BC00707C03 /* Base */ = {isa = PBXFileReference; lastKnownFileType = file.storyboard; name = Base; path = Base.lproj/LaunchScreen.storyboard; sourceTree = "<group>"; };
		3570DF531E0C76BC00707C03 /* Info.plist */ = {isa = PBXFileReference; lastKnownFileType = text.plist.xml; path = Info.plist; sourceTree = "<group>"; };
		3570DF591E0C7DEF00707C03 /* pokemon.csv */ = {isa = PBXFileReference; fileEncoding = 4; lastKnownFileType = text; path = pokemon.csv; sourceTree = "<group>"; };
/* End PBXFileReference section */

/* Begin PBXFrameworksBuildPhase section */
		3570DF3E1E0C76BC00707C03 /* Frameworks */ = {
			isa = PBXFrameworksBuildPhase;
			buildActionMask = 2147483647;
			files = (
			);
			runOnlyForDeploymentPostprocessing = 0;
		};
/* End PBXFrameworksBuildPhase section */

/* Begin PBXGroup section */
		3570DF381E0C76BC00707C03 = {
			isa = PBXGroup;
			children = (
				3570DF431E0C76BC00707C03 /* Pokedex */,
				3570DF421E0C76BC00707C03 /* Products */,
			);
			sourceTree = "<group>";
		};
		3570DF421E0C76BC00707C03 /* Products */ = {
			isa = PBXGroup;
			children = (
				3570DF411E0C76BC00707C03 /* Pokedex.app */,
			);
			name = Products;
			sourceTree = "<group>";
		};
		3570DF431E0C76BC00707C03 /* Pokedex */ = {
			isa = PBXGroup;
			children = (
				3570DF441E0C76BC00707C03 /* AppDelegate.swift */,
				3570DF461E0C76BC00707C03 /* ViewController.swift */,
				3570DF481E0C76BC00707C03 /* Main.storyboard */,
				3570DF4E1E0C76BC00707C03 /* Assets.xcassets */,
				3570DF591E0C7DEF00707C03 /* pokemon.csv */,
				3570DF501E0C76BC00707C03 /* LaunchScreen.storyboard */,
				3570DF531E0C76BC00707C03 /* Info.plist */,
				3570DF4B1E0C76BC00707C03 /* Pokedex.xcdatamodeld */,
			);
			path = Pokedex;
			sourceTree = "<group>";
		};
/* End PBXGroup section */

/* Begin PBXNativeTarget section */
		3570DF401E0C76BC00707C03 /* Pokedex */ = {
			isa = PBXNativeTarget;
			buildConfigurationList = 3570DF561E0C76BC00707C03 /* Build configuration list for PBXNativeTarget "Pokedex" */;
			buildPhases = (
				3570DF3D1E0C76BC00707C03 /* Sources */,
				3570DF3E1E0C76BC00707C03 /* Frameworks */,
				3570DF3F1E0C76BC00707C03 /* Resources */,
			);
			buildRules = (
			);
			dependencies = (
			);
			name = Pokedex;
			productName = Pokedex;
			productReference = 3570DF411E0C76BC00707C03 /* Pokedex.app */;
			productType = "com.apple.product-type.application";
		};
/* End PBXNativeTarget section */

/* Begin PBXProject section */
		3570DF391E0C76BC00707C03 /* Project object */ = {
			isa = PBXProject;
			attributes = {
				LastSwiftUpdateCheck = 0810;
				LastUpgradeCheck = 0810;
				ORGANIZATIONNAME = "Sudhanshu Ambadipudi";
				TargetAttributes = {
					3570DF401E0C76BC00707C03 = {
						CreatedOnToolsVersion = 8.1;
						ProvisioningStyle = Automatic;
					};
				};
			};
			buildConfigurationList = 3570DF3C1E0C76BC00707C03 /* Build configuration list for PBXProject "Pokedex" */;
			compatibilityVersion = "Xcode 3.2";
			developmentRegion = English;
			hasScannedForEncodings = 0;
			knownRegions = (
				en,
				Base,
			);
			mainGroup = 3570DF381E0C76BC00707C03;
			productRefGroup = 3570DF421E0C76BC00707C03 /* Products */;
			projectDirPath = "";
			projectRoot = "";
			targets = (
				3570DF401E0C76BC00707C03 /* Pokedex */,
			);
		};
/* End PBXProject section */

/* Begin PBXResourcesBuildPhase section */
		3570DF3F1E0C76BC00707C03 /* Resources */ = {
			isa = PBXResourcesBuildPhase;
			buildActionMask = 2147483647;
			files = (
				3570DF521E0C76BC00707C03 /* LaunchScreen.storyboard in Resources */,
				3570DF4F1E0C76BC00707C03 /* Assets.xcassets in Resources */,
				3570DF5A1E0C7DEF00707C03 /* pokemon.csv in Resources */,
				3570DF4A1E0C76BC00707C03 /* Main.storyboard in Resources */,
			);
			runOnlyForDeploymentPostprocessing = 0;
		};
/* End PBXResourcesBuildPhase section */

/* Begin PBXSourcesBuildPhase section */
		3570DF3D1E0C76BC00707C03 /* Sources */ = {
			isa = PBXSourcesBuildPhase;
			buildActionMask = 2147483647;
			files = (
				3570DF471E0C76BC00707C03 /* ViewController.swift in Sources */,
				3570DF4D1E0C76BC00707C03 /* Pokedex.xcdatamodeld in Sources */,
				3570DF451E0C76BC00707C03 /* AppDelegate.swift in Sources */,
			);
			runOnlyForDeploymentPostprocessing = 0;
		};
/* End PBXSourcesBuildPhase section */

/* Begin PBXVariantGroup section */
		3570DF481E0C76BC00707C03 /* Main.storyboard */ = {
			isa = PBXVariantGroup;
			children = (
				3570DF491E0C76BC00707C03 /* Base */,
			);
			name = Main.storyboard;
			sourceTree = "<group>";
		};
		3570DF501E0C76BC00707C03 /* LaunchScreen.storyboard */ = {
			isa = PBXVariantGroup;
			children = (
				3570DF511E0C76BC00707C03 /* Base */,
			);
			name = LaunchScreen.storyboard;
			sourceTree = "<group>";
		};
/* End PBXVariantGroup section */

/* Begin XCBuildConfiguration section */
		3570DF541E0C76BC00707C03 /* Debug */ = {
			isa = XCBuildConfiguration;
			buildSettings = {
				ALWAYS_SEARCH_USER_PATHS = NO;
				CLANG_ANALYZER_NONNULL = YES;
				CLANG_CXX_LANGUAGE_STANDARD = "gnu++0x";
				CLANG_CXX_LIBRARY = "libc++";
				CLANG_ENABLE_MODULES = YES;
				CLANG_ENABLE_OBJC_ARC = YES;
				CLANG_WARN_BOOL_CONVERSION = YES;
				CLANG_WARN_CONSTANT_CONVERSION = YES;
				CLANG_WARN_DIRECT_OBJC_ISA_USAGE = YES_ERROR;
				CLANG_WARN_DOCUMENTATION_COMMENTS = YES;
				CLANG_WARN_EMPTY_BODY = YES;
				CLANG_WARN_ENUM_CONVERSION = YES;
				CLANG_WARN_INFINITE_RECURSION = YES;
				CLANG_WARN_INT_CONVERSION = YES;
				CLANG_WARN_OBJC_ROOT_CLASS = YES_ERROR;
				CLANG_WARN_SUSPICIOUS_MOVES = YES;
				CLANG_WARN_UNREACHABLE_CODE = YES;
				CLANG_WARN__DUPLICATE_METHOD_MATCH = YES;
				"CODE_SIGN_IDENTITY[sdk=iphoneos*]" = "iPhone Developer";
				COPY_PHASE_STRIP = NO;
				DEBUG_INFORMATION_FORMAT = dwarf;
				ENABLE_STRICT_OBJC_MSGSEND = YES;
				ENABLE_TESTABILITY = YES;
				GCC_C_LANGUAGE_STANDARD = gnu99;
				GCC_DYNAMIC_NO_PIC = NO;
				GCC_NO_COMMON_BLOCKS = YES;
				GCC_OPTIMIZATION_LEVEL = 0;
				GCC_PREPROCESSOR_DEFINITIONS = (
					"DEBUG=1",
					"$(inherited)",
				);
				GCC_WARN_64_TO_32_BIT_CONVERSION = YES;
				GCC_WARN_ABOUT_RETURN_TYPE = YES_ERROR;
				GCC_WARN_UNDECLARED_SELECTOR = YES;
				GCC_WARN_UNINITIALIZED_AUTOS = YES_AGGRESSIVE;
				GCC_WARN_UNUSED_FUNCTION = YES;
				GCC_WARN_UNUSED_VARIABLE = YES;
				IPHONEOS_DEPLOYMENT_TARGET = 10.1;
				MTL_ENABLE_DEBUG_INFO = YES;
				ONLY_ACTIVE_ARCH = YES;
				SDKROOT = iphoneos;
				SWIFT_ACTIVE_COMPILATION_CONDITIONS = DEBUG;
				SWIFT_OPTIMIZATION_LEVEL = "-Onone";
				TARGETED_DEVICE_FAMILY = "1,2";
			};
			name = Debug;
		};
		3570DF551E0C76BC00707C03 /* Release */ = {
			isa = XCBuildConfiguration;
			buildSettings = {
				ALWAYS_SEARCH_USER_PATHS = NO;
				CLANG_ANALYZER_NONNULL = YES;
				CLANG_CXX_LANGUAGE_STANDARD = "gnu++0x";
				CLANG_CXX_LIBRARY = "libc++";
				CLANG_ENABLE_MODULES = YES;
				CLANG_ENABLE_OBJC_ARC = YES;
				CLANG_WARN_BOOL_CONVERSION = YES;
				CLANG_WARN_CONSTANT_CONVERSION = YES;
				CLANG_WARN_DIRECT_OBJC_ISA_USAGE = YES_ERROR;
				CLANG_WARN_DOCUMENTATION_COMMENTS = YES;
				CLANG_WARN_EMPTY_BODY = YES;
				CLANG_WARN_ENUM_CONVERSION = YES;
				CLANG_WARN_INFINITE_RECURSION = YES;
				CLANG_WARN_INT_CONVERSION = YES;
				CLANG_WARN_OBJC_ROOT_CLASS = YES_ERROR;
				CLANG_WARN_SUSPICIOUS_MOVES = YES;
				CLANG_WARN_UNREACHABLE_CODE = YES;
				CLANG_WARN__DUPLICATE_METHOD_MATCH = YES;
				"CODE_SIGN_IDENTITY[sdk=iphoneos*]" = "iPhone Developer";
				COPY_PHASE_STRIP = NO;
				DEBUG_INFORMATION_FORMAT = "dwarf-with-dsym";
				ENABLE_NS_ASSERTIONS = NO;
				ENABLE_STRICT_OBJC_MSGSEND = YES;
				GCC_C_LANGUAGE_STANDARD = gnu99;
				GCC_NO_COMMON_BLOCKS = YES;
				GCC_WARN_64_TO_32_BIT_CONVERSION = YES;
				GCC_WARN_ABOUT_RETURN_TYPE = YES_ERROR;
				GCC_WARN_UNDECLARED_SELECTOR = YES;
				GCC_WARN_UNINITIALIZED_AUTOS = YES_AGGRESSIVE;
				GCC_WARN_UNUSED_FUNCTION = YES;
				GCC_WARN_UNUSED_VARIABLE = YES;
				IPHONEOS_DEPLOYMENT_TARGET = 10.1;
				MTL_ENABLE_DEBUG_INFO = NO;
				SDKROOT = iphoneos;
				SWIFT_OPTIMIZATION_LEVEL = "-Owholemodule";
				TARGETED_DEVICE_FAMILY = "1,2";
				VALIDATE_PRODUCT = YES;
			};
			name = Release;
		};
		3570DF571E0C76BC00707C03 /* Debug */ = {
			isa = XCBuildConfiguration;
			buildSettings = {
				ASSETCATALOG_COMPILER_APPICON_NAME = AppIcon;
				INFOPLIST_FILE = Pokedex/Info.plist;
				LD_RUNPATH_SEARCH_PATHS = "$(inherited) @executable_path/Frameworks";
				PRODUCT_BUNDLE_IDENTIFIER = Sud.Pokedex;
				PRODUCT_NAME = "$(TARGET_NAME)";
				SWIFT_VERSION = 3.0;
			};
			name = Debug;
		};
		3570DF581E0C76BC00707C03 /* Release */ = {
			isa = XCBuildConfiguration;
			buildSettings = {
				ASSETCATALOG_COMPILER_APPICON_NAME = AppIcon;
				INFOPLIST_FILE = Pokedex/Info.plist;
				LD_RUNPATH_SEARCH_PATHS = "$(inherited) @executable_path/Frameworks";
				PRODUCT_BUNDLE_IDENTIFIER = Sud.Pokedex;
				PRODUCT_NAME = "$(TARGET_NAME)";
				SWIFT_VERSION = 3.0;
			};
			name = Release;
		};
/* End XCBuildConfiguration section */

/* Begin XCConfigurationList section */
		3570DF3C1E0C76BC00707C03 /* Build configuration list for PBXProject "Pokedex" */ = {
			isa = XCConfigurationList;
			buildConfigurations = (
				3570DF541E0C76BC00707C03 /* Debug */,
				3570DF551E0C76BC00707C03 /* Release */,
			);
			defaultConfigurationIsVisible = 0;
			defaultConfigurationName = Release;
		};
		3570DF561E0C76BC00707C03 /* Build configuration list for PBXNativeTarget "Pokedex" */ = {
			isa = XCConfigurationList;
			buildConfigurations = (
				3570DF571E0C76BC00707C03 /* Debug */,
				3570DF581E0C76BC00707C03 /* Release */,
			);
			defaultConfigurationIsVisible = 0;
		};
/* End XCConfigurationList section */

/* Begin XCVersionGroup section */
		3570DF4B1E0C76BC00707C03 /* Pokedex.xcdatamodeld */ = {
			isa = XCVersionGroup;
			children = (
				3570DF4C1E0C76BC00707C03 /* Pokedex.xcdatamodel */,
			);
			currentVersion = 3570DF4C1E0C76BC00707C03 /* Pokedex.xcdatamodel */;
			path = Pokedex.xcdatamodeld;
			sourceTree = "<group>";
			versionGroupType = wrapper.xcdatamodel;
		};
/* End XCVersionGroup section */
	};
	rootObject = 3570DF391E0C76BC00707C03 /* Project object */;
}
